
Microsoft Visual Studio Solution File, Format Version 12.00
# Visual Studio Version 17
VisualStudioVersion = 17.0.31903.59
MinimumVisualStudioVersion = 10.0.40219.1
Project("{2150E333-8FDC-42A3-9474-1A3956D46DE8}") = "src", "src", "{810921B6-B6EF-4337-9801-451BED454526}"
EndProject
Project("{FAE04EC0-301F-11D3-BF4B-00C04F79EFBC}") = "CssInCSharp.Ast.TypeScript", "CssInCSharp.Ast.TypeScript\CssInCSharp.Ast.TypeScript.csproj", "{8C55A694-4D2F-4C9D-9E03-B62A0120082D}"
EndProject
Project("{FAE04EC0-301F-11D3-BF4B-00C04F79EFBC}") = "CssInCSharp.Generator", "CssInCSharp.Generator\CssInCSharp.Generator.csproj", "{3055588C-7DC4-41D5-A295-E245E17CB968}"
EndProject
Project("{FAE04EC0-301F-11D3-BF4B-00C04F79EFBC}") = "CssInCSharp.CommandLine", "CssInCSharp.CommandLine\CssInCSharp.CommandLine.csproj", "{D21682D4-234F-4215-8F8B-89FF53F26832}"
EndProject
Project("{FAE04EC0-301F-11D3-BF4B-00C04F79EFBC}") = "CssInCSharp.Ast.Css", "CssInCSharp.Ast.Css\CssInCSharp.Ast.Css.csproj", "{DD7EC888-E817-4515-BD19-0B6D93A3AA08}"
EndProject
Project("{FAE04EC0-301F-11D3-BF4B-00C04F79EFBC}") = "CssInCSharp.Ast.Less", "CssInCSharp.Ast.Less\CssInCSharp.Ast.Less.csproj", "{C75BB911-DADE-4CD0-A162-C5D1E79620C4}"
EndProject
Project("{FAE04EC0-301F-11D3-BF4B-00C04F79EFBC}") = "CssInCSharp.Ast.Sass", "CssInCSharp.Ast.Sass\CssInCSharp.Ast.Sass.csproj", "{9BA12621-DCD7-4790-841B-F09881662E5E}"
EndProject
Project("{FAE04EC0-301F-11D3-BF4B-00C04F79EFBC}") = "CssInCSharp.Ast.Scss", "CssInCSharp.Ast.Scss\CssInCSharp.Ast.Scss.csproj", "{9AD71106-5401-499A-9460-CC975CEA6D56}"
EndProject
Global
	GlobalSection(SolutionConfigurationPlatforms) = preSolution
		Debug|Any CPU = Debug|Any CPU
		Release|Any CPU = Release|Any CPU
	EndGlobalSection
	GlobalSection(ProjectConfigurationPlatforms) = postSolution
		{8C55A694-4D2F-4C9D-9E03-B62A0120082D}.Debug|Any CPU.ActiveCfg = Debug|Any CPU
		{8C55A694-4D2F-4C9D-9E03-B62A0120082D}.Debug|Any CPU.Build.0 = Debug|Any CPU
		{8C55A694-4D2F-4C9D-9E03-B62A0120082D}.Release|Any CPU.ActiveCfg = Release|Any CPU
		{8C55A694-4D2F-4C9D-9E03-B62A0120082D}.Release|Any CPU.Build.0 = Release|Any CPU
		{3055588C-7DC4-41D5-A295-E245E17CB968}.Debug|Any CPU.ActiveCfg = Debug|Any CPU
		{3055588C-7DC4-41D5-A295-E245E17CB968}.Debug|Any CPU.Build.0 = Debug|Any CPU
		{3055588C-7DC4-41D5-A295-E245E17CB968}.Release|Any CPU.ActiveCfg = Release|Any CPU
		{3055588C-7DC4-41D5-A295-E245E17CB968}.Release|Any CPU.Build.0 = Release|Any CPU
		{D21682D4-234F-4215-8F8B-89FF53F26832}.Debug|Any CPU.ActiveCfg = Debug|Any CPU
		{D21682D4-234F-4215-8F8B-89FF53F26832}.Debug|Any CPU.Build.0 = Debug|Any CPU
		{D21682D4-234F-4215-8F8B-89FF53F26832}.Release|Any CPU.ActiveCfg = Release|Any CPU
		{D21682D4-234F-4215-8F8B-89FF53F26832}.Release|Any CPU.Build.0 = Release|Any CPU
		{DD7EC888-E817-4515-BD19-0B6D93A3AA08}.Debug|Any CPU.ActiveCfg = Debug|Any CPU
		{DD7EC888-E817-4515-BD19-0B6D93A3AA08}.Debug|Any CPU.Build.0 = Debug|Any CPU
		{DD7EC888-E817-4515-BD19-0B6D93A3AA08}.Release|Any CPU.ActiveCfg = Release|Any CPU
		{DD7EC888-E817-4515-BD19-0B6D93A3AA08}.Release|Any CPU.Build.0 = Release|Any CPU
		{C75BB911-DADE-4CD0-A162-C5D1E79620C4}.Debug|Any CPU.ActiveCfg = Debug|Any CPU
		{C75BB911-DADE-4CD0-A162-C5D1E79620C4}.Debug|Any CPU.Build.0 = Debug|Any CPU
		{C75BB911-DADE-4CD0-A162-C5D1E79620C4}.Release|Any CPU.ActiveCfg = Release|Any CPU
		{C75BB911-DADE-4CD0-A162-C5D1E79620C4}.Release|Any CPU.Build.0 = Release|Any CPU
		{9BA12621-DCD7-4790-841B-F09881662E5E}.Debug|Any CPU.ActiveCfg = Debug|Any CPU
		{9BA12621-DCD7-4790-841B-F09881662E5E}.Debug|Any CPU.Build.0 = Debug|Any CPU
		{9BA12621-DCD7-4790-841B-F09881662E5E}.Release|Any CPU.ActiveCfg = Release|Any CPU
		{9BA12621-DCD7-4790-841B-F09881662E5E}.Release|Any CPU.Build.0 = Release|Any CPU
		{9AD71106-5401-499A-9460-CC975CEA6D56}.Debug|Any CPU.ActiveCfg = Debug|Any CPU
		{9AD71106-5401-499A-9460-CC975CEA6D56}.Debug|Any CPU.Build.0 = Debug|Any CPU
		{9AD71106-5401-499A-9460-CC975CEA6D56}.Release|Any CPU.ActiveCfg = Release|Any CPU
		{9AD71106-5401-499A-9460-CC975CEA6D56}.Release|Any CPU.Build.0 = Release|Any CPU
	EndGlobalSection
	GlobalSection(SolutionProperties) = preSolution
		HideSolutionNode = FALSE
	EndGlobalSection
	GlobalSection(NestedProjects) = preSolution
		{8C55A694-4D2F-4C9D-9E03-B62A0120082D} = {810921B6-B6EF-4337-9801-451BED454526}
		{3055588C-7DC4-41D5-A295-E245E17CB968} = {810921B6-B6EF-4337-9801-451BED454526}
		{D21682D4-234F-4215-8F8B-89FF53F26832} = {810921B6-B6EF-4337-9801-451BED454526}
		{DD7EC888-E817-4515-BD19-0B6D93A3AA08} = {810921B6-B6EF-4337-9801-451BED454526}
		{C75BB911-DADE-4CD0-A162-C5D1E79620C4} = {810921B6-B6EF-4337-9801-451BED454526}
		{9BA12621-DCD7-4790-841B-F09881662E5E} = {810921B6-B6EF-4337-9801-451BED454526}
		{9AD71106-5401-499A-9460-CC975CEA6D56} = {810921B6-B6EF-4337-9801-451BED454526}
	EndGlobalSection
	GlobalSection(ExtensibilityGlobals) = postSolution
		SolutionGuid = {1EE686CC-B23D-4BB1-96C5-37B50475D291}
	EndGlobalSection
EndGlobal
